
Microsoft Visual Studio Solution File, Format Version 12.00
# Visual Studio 15
VisualStudioVersion = 15.0.28307.271
MinimumVisualStudioVersion = 10.0.40219.1
Project("{FAE04EC0-301F-11D3-BF4B-00C04F79EFBC}") = "FormsSharp", "FormsSharp\FormsSharp.csproj", "{9F053E95-037E-4823-BE1A-82065B0E1FAD}"
EndProject
Global
	GlobalSection(SolutionConfigurationPlatforms) = preSolution
		Debug|Any CPU = Debug|Any CPU
		Release|Any CPU = Release|Any CPU
	EndGlobalSection
	GlobalSection(ProjectConfigurationPlatforms) = postSolution
		{9F053E95-037E-4823-BE1A-82065B0E1FAD}.Debug|Any CPU.ActiveCfg = Debug|Any CPU
		{9F053E95-037E-4823-BE1A-82065B0E1FAD}.Debug|Any CPU.Build.0 = Debug|Any CPU
		{9F053E95-037E-4823-BE1A-82065B0E1FAD}.Release|Any CPU.ActiveCfg = Release|Any CPU
		{9F053E95-037E-4823-BE1A-82065B0E1FAD}.Release|Any CPU.Build.0 = Release|Any CPU
	EndGlobalSection
	GlobalSection(SolutionProperties) = preSolution
		HideSolutionNode = FALSE
	EndGlobalSection
	GlobalSection(ExtensibilityGlobals) = postSolution
		SolutionGuid = {A470D4F3-2E62-4D3A-A406-716E873F7834}
	EndGlobalSection
EndGlobal
